
Microsoft Visual Studio Solution File, Format Version 12.00
# Visual Studio 15
VisualStudioVersion = 15.0.28010.2046
MinimumVisualStudioVersion = 10.0.40219.1
Project("{FAE04EC0-301F-11D3-BF4B-00C04F79EFBC}") = "TeamU18NOV05", "TeamU18NOV05\TeamU18NOV05.csproj", "{426822B1-65DA-410C-B512-F4ADB53815FE}"
EndProject
Global
	GlobalSection(SolutionConfigurationPlatforms) = preSolution
		Debug|Any CPU = Debug|Any CPU
		Release|Any CPU = Release|Any CPU
	EndGlobalSection
	GlobalSection(ProjectConfigurationPlatforms) = postSolution
		{426822B1-65DA-410C-B512-F4ADB53815FE}.Debug|Any CPU.ActiveCfg = Debug|Any CPU
		{426822B1-65DA-410C-B512-F4ADB53815FE}.Debug|Any CPU.Build.0 = Debug|Any CPU
		{426822B1-65DA-410C-B512-F4ADB53815FE}.Release|Any CPU.ActiveCfg = Release|Any CPU
		{426822B1-65DA-410C-B512-F4ADB53815FE}.Release|Any CPU.Build.0 = Release|Any CPU
	EndGlobalSection
	GlobalSection(SolutionProperties) = preSolution
		HideSolutionNode = FALSE
	EndGlobalSection
	GlobalSection(ExtensibilityGlobals) = postSolution
		SolutionGuid = {D925D511-ADCF-4547-AA3D-6B363D67BE0F}
	EndGlobalSection
EndGlobal
